
Microsoft Visual Studio Solution File, Format Version 12.00
# Visual Studio Version 17
VisualStudioVersion = 17.1.32228.430
MinimumVisualStudioVersion = 10.0.40219.1
Project("{9A19103F-16F7-4668-BE54-9A1E7A4F7556}") = "SeleniumPractice", "SeleniumPractice.csproj", "{F3956D1F-7F1E-48AB-9930-DF534C7D4355}"
EndProject
Global
	GlobalSection(SolutionConfigurationPlatforms) = preSolution
		Debug|Any CPU = Debug|Any CPU
		Release|Any CPU = Release|Any CPU
	EndGlobalSection
	GlobalSection(ProjectConfigurationPlatforms) = postSolution
		{F3956D1F-7F1E-48AB-9930-DF534C7D4355}.Debug|Any CPU.ActiveCfg = Debug|Any CPU
		{F3956D1F-7F1E-48AB-9930-DF534C7D4355}.Debug|Any CPU.Build.0 = Debug|Any CPU
		{F3956D1F-7F1E-48AB-9930-DF534C7D4355}.Release|Any CPU.ActiveCfg = Release|Any CPU
		{F3956D1F-7F1E-48AB-9930-DF534C7D4355}.Release|Any CPU.Build.0 = Release|Any CPU
	EndGlobalSection
	GlobalSection(SolutionProperties) = preSolution
		HideSolutionNode = FALSE
	EndGlobalSection
	GlobalSection(ExtensibilityGlobals) = postSolution
		SolutionGuid = {B71F7046-BA05-4D97-A67B-38151CAF2CEC}
	EndGlobalSection
EndGlobal
